version = 1
revision = 3
requires-python = ">=3.12.11, <3.13"

[[package]]
name = "aio-pika"
version = "9.5.5"
source = { registry = "https://pypi.org/simple" }
dependencies = [
    { name = "aiormq" },
    { name = "exceptiongroup" },
    { name = "yarl" },
]
sdist = { url = "https://files.pythonhosted.org/packages/48/00/5391405f15e85bd6cb859186dbe04d99186ca29410a7cdc52848b55a1d72/aio_pika-9.5.5.tar.gz", hash = "sha256:3d2f25838860fa7e209e21fc95555f558401f9b49a832897419489f1c9e1d6a4", size = 48468, upload-time = "2025-02-26T11:15:56.595Z" }
wheels = [
    { url = "https://files.pythonhosted.org/packages/71/cf/efa5581760bd08263bce8dbf943f32006b6dfd5bc120f43a26257281b546/aio_pika-9.5.5-py3-none-any.whl", hash = "sha256:94e0ac3666398d6a28b0c3b530c1febf4c6d4ececb345620727cfd7bfe1c02e0", size = 54257, upload-time = "2025-02-26T11:15:54.066Z" },
]

[[package]]
name = "aiormq"
version = "6.8.1"
source = { registry = "https://pypi.org/simple" }
dependencies = [
    { name = "pamqp" },
    { name = "yarl" },
]
sdist = { url = "https://files.pythonhosted.org/packages/a4/79/5397756a8782bf3d0dce392b48260c3ec81010f16bef8441ff03505dccb4/aiormq-6.8.1.tar.gz", hash = "sha256:a964ab09634be1da1f9298ce225b310859763d5cf83ef3a7eae1a6dc6bd1da1a", size = 30528, upload-time = "2024-09-04T11:16:38.655Z" }
wheels = [
    { url = "https://files.pythonhosted.org/packages/2e/be/1a613ae1564426f86650ff58c351902895aa969f7e537e74bfd568f5c8bf/aiormq-6.8.1-py3-none-any.whl", hash = "sha256:5da896c8624193708f9409ffad0b20395010e2747f22aa4150593837f40aa017", size = 31174, upload-time = "2024-09-04T11:16:37.238Z" },
]

[[package]]
name = "anyio"
version = "4.14.2"
source = { registry = "https://pypi.org/simple" }
dependencies = [
    { name = "idna" },
    { name = "typing-extensions" },
]
sdist = { url = "https://files.pythonhosted.org/packages/61/cc/a381afa6efea9f496eff839d4a6a1aed3bfafc7b3ab4b0d1b243a12573dd/anyio-4.14.2.tar.gz", hash = "sha256:cfa139f3ed1a23ee8f88a145ddb5ac7605b8bbfd8592baacd7ce3d8bb4313c7f", size = 260176, upload-time = "2026-07-12T20:29:07.082Z" }
wheels = [
    { url = "https://files.pythonhosted.org/packages/da/35/f2287558c17e29fafc8ef3daf819bb9834061cfa43bff8014f7df7f63bdc/anyio-4.14.2-py3-none-any.whl", hash = "sha256:9f505dda5ac9f0c8309b5e8bd445a8c2bf7246f3ce950121e45ea15bc41d1494", size = 125813, upload-time = "2026-07-12T20:29:05.763Z" },
]

[[package]]
name = "astroid"
version = "3.0.3"
source = { registry = "https://pypi.org/simple" }
sdist = { url = "https://files.pythonhosted.org/packages/96/aa/60bf19fe9d33cd8753b0547df513c3004b33b9a482800d3af0845bcbb3d0/astroid-3.0.3.tar.gz", hash = "sha256:4148645659b08b70d72460ed1921158027a9e53ae8b7234149b1400eddacbb93", size = 395183, upload-time = "2024-02-04T15:16:28.236Z" }
wheels = [
    { url = "https://files.pythonhosted.org/packages/d4/b8/c0f47a9ee6927827116542e12a54d8b8c174b77644c2aba4e2092dfd8de6/astroid-3.0.3-py3-none-any.whl", hash = "sha256:92fcf218b89f449cdf9f7b39a269f8d5d617b27be68434912e11e79203963a17", size = 275225, upload-time = "2024-02-04T15:16:25.491Z" },
]

[[package]]
name = "bailiff"
version = "0.1.0"
source = { virtual = "." }
dependencies = [
    { name = "aio-pika" },
    { name = "config-client" },
    { name = "restapi-client" },
    { name = "subspector-async-client" },
    { name = "tenacity" },
]

[package.dev-dependencies]
dev = [
    { name = "pycodestyle" },
    { name = "pylint" },
]

[package.metadata]
requires-dist = [
    { name = "aio-pika", specifier = "==9.5.5" },
    { name = "config-client", editable = "../../optscale_client/config_client" },
    { name = "restapi-client", editable = "../../optscale_client/rest_api_client" },
    { name = "subspector-async-client", editable = "../../optscale_client/subspector_async_client" },
    { name = "tenacity", specifier = "==9.1.2" },
]

[package.metadata.requires-dev]
dev = [
    { name = "pycodestyle", specifier = "==2.11.1" },
    { name = "pylint", specifier = "==3.0.2" },
]

[[package]]
name = "certifi"
version = "2026.6.17"
source = { registry = "https://pypi.org/simple" }
sdist = { url = "https://files.pythonhosted.org/packages/c9/c7/424b75da314c1045981bd9777432fad05a9e0c69daa4ed7e308bbaffe405/certifi-2026.6.17.tar.gz", hash = "sha256:024c88eeec92ca068db80f02b8b07c9cef7b9fe261d1d535abfd5abd6f6af432", size = 134594, upload-time = "2026-06-17T10:31:07.894Z" }
wheels = [
    { url = "https://files.pythonhosted.org/packages/ef/2f/c5464532e965badff2f4c4c1a3a83f5697f0d7c407ed0cda44aaa99bb451/certifi-2026.6.17-py3-none-any.whl", hash = "sha256:2227dcbaafe0d2f59279d1762ddddc37783ed4354594f194ffc31d20f41fc3db", size = 133289, upload-time = "2026-06-17T10:31:06.348Z" },
]

[[package]]
name = "charset-normalizer"
version = "3.4.9"
source = { registry = "https://pypi.org/simple" }
sdist = { url = "https://files.pythonhosted.org/packages/bd/2a/23f34ec9d04624958e137efdc394888716353190e75f25dd22c7a2c7a8aa/charset_normalizer-3.4.9.tar.gz", hash = "sha256:673611bbd43f0810bec0b0f028ddeaaa501190339cac411f347ac76917c3ae7b", size = 152439, upload-time = "2026-07-07T14:34:58.454Z" }
wheels = [
    { url = "https://files.pythonhosted.org/packages/70/4a/ecbd131485c07fcdfad54e28946d513e3da22ef3b4bd854dcafae54ec739/charset_normalizer-3.4.9-cp312-cp312-macosx_10_13_universal2.whl", hash = "sha256:45b0cc4e3556cd875e09102988d1ab8356c998b596c9fced84547c8138b487a0", size = 319300, upload-time = "2026-07-07T14:33:15.666Z" },
    { url = "https://files.pythonhosted.org/packages/ec/96/5d9364e3342d69f3a045e1777bc47c85c383e6e9466d561b33fdb419d1f9/charset_normalizer-3.4.9-cp312-cp312-manylinux2014_aarch64.manylinux_2_17_aarch64.manylinux_2_28_aarch64.whl", hash = "sha256:9b2aff1c7b3884512b9512c3eaadd9bab39fb45042ffaaa1dd08ff2b9f8109d9", size = 215802, upload-time = "2026-07-07T14:33:17.031Z" },
    { url = "https://files.pythonhosted.org/packages/4b/4c/5361f9aa7f2cb58d94f2ab831b3d493f69efb1d239654b4744e3c09527cb/charset_normalizer-3.4.9-cp312-cp312-manylinux2014_ppc64le.manylinux_2_17_ppc64le.manylinux_2_28_ppc64le.whl", hash = "sha256:9104ed0bd76a429d46f9ec0dbc9b08ad1d2dcdf2b00a5a0daa1c145329b35b44", size = 237171, upload-time = "2026-07-07T14:33:18.576Z" },
    { url = "https://files.pythonhosted.org/packages/50/78/ce342ca4ff30b2eb49fe6d9578df85974f90c67d294113e94efdd9664cbd/charset_normalizer-3.4.9-cp312-cp312-manylinux2014_s390x.manylinux_2_17_s390x.manylinux_2_28_s390x.whl", hash = "sha256:7b86a2b16095d250c6f58b3d9b2eee6f4147754344f3dab0922f7c9bf7d226c9", size = 233075, upload-time = "2026-07-07T14:33:20.084Z" },
    { url = "https://files.pythonhosted.org/packages/01/c4/4fa4c8b3097a11f3c5f09a35b72ed6855fb1d332469504962ab7bafcc702/charset_normalizer-3.4.9-cp312-cp312-manylinux2014_x86_64.manylinux_2_17_x86_64.manylinux_2_28_x86_64.whl", hash = "sha256:5e226f6218febc71f6c1fc2fafb91c226f75bdc1d8fb12d66823716e891608fd", size = 224256, upload-time = "2026-07-07T14:33:21.747Z" },
    { url = "https://files.pythonhosted.org/packages/87/3a/ad914516df7e358a81aae018caa5e0470ba827fa6d763b1d2e87d920a5f6/charset_normalizer-3.4.9-cp312-cp312-manylinux_2_31_armv7l.whl", hash = "sha256:90c44bc373b7687f6948b693cceaea1348ae0975d7474746559494468e3c1d84", size = 208784, upload-time = "2026-07-07T14:33:23.313Z" },
    { url = "https://files.pythonhosted.org/packages/d7/74/3c12f9755717dfe5c5c87da63f35d765fa0c00382ec26bf23f7fae34f2ba/charset_normalizer-3.4.9-cp312-cp312-manylinux_2_31_riscv64.manylinux_2_39_riscv64.whl", hash = "sha256:9cdef90ae47919cae358d8ab15797a800ed41da7aba5d72419fb510729e2ed4b", size = 219928, upload-time = "2026-07-07T14:33:24.814Z" },
    { url = "https://files.pythonhosted.org/packages/33/9a/895095b83e7907abd6d3d99aad3a38ad0d9686cc186cb0c94c24320fe63e/charset_normalizer-3.4.9-cp312-cp312-musllinux_1_2_aarch64.whl", hash = "sha256:60f44ade2cf573dad7a277e6f8ca9a51a21dda572b13bd7d8539bb3cd5dbedde", size = 218489, upload-time = "2026-07-07T14:33:26.42Z" },
    { url = "https://files.pythonhosted.org/packages/a1/34/ef5c05f412f42520d7709b7d3784d19640839eb7366ded1755511585429f/charset_normalizer-3.4.9-cp312-cp312-musllinux_1_2_armv7l.whl", hash = "sha256:a1786910334ed46ab1dd73222f2cd1e05c2c3bb39f6dddb4f8b36fc382058a39", size = 210267, upload-time = "2026-07-07T14:33:27.952Z" },
    { url = "https://files.pythonhosted.org/packages/83/dc/9b29fa4412b318bf3bfea985c35d67eb55e04b59a7c3f2237168b0e0be6f/charset_normalizer-3.4.9-cp312-cp312-musllinux_1_2_x86_64.whl", hash = "sha256:03d07803992c6c7bbc976327f34b18b6160327fc81cb82c9d504720ac0be3b62", size = 226030, upload-time = "2026-07-07T14:33:29.397Z" },
    { url = "https://files.pythonhosted.org/packages/0e/42/6dbc00b8cd16011691203e33570fa42ed5746599a2e878112d16eab403a3/charset_normalizer-3.4.9-cp312-cp312-win32.whl", hash = "sha256:78841cccf1af7b40f6f716338d50c0902dbe88d9f800b3c973b7a9a0a693a642", size = 151185, upload-time = "2026-07-07T14:33:30.781Z" },
    { url = "https://files.pythonhosted.org/packages/80/cc/f920afd1a23c58ccd53c1d36085a71893a4737ff5e66e0371efab6809850/charset_normalizer-3.4.9-cp312-cp312-win_amd64.whl", hash = "sha256:4b3dac63058cc36820b0dd072f89898604e2d39686fe05321729d00d8ac185a0", size = 162557, upload-time = "2026-07-07T14:33:32.176Z" },
    { url = "https://files.pythonhosted.org/packages/f0/e6/0386d43a261ff4e4b30c5857af7df877254b46bec7b9d1b74b6bf969a90b/charset_normalizer-3.4.9-cp312-cp312-win_arm64.whl", hash = "sha256:78fa18e436a1a0e58dbd7e02fc4473f3f32cceb12df9dfca542d075961c307d2", size = 152665, upload-time = "2026-07-07T14:33:33.711Z" },
    { url = "https://files.pythonhosted.org/packages/98/2b/f97f1c193fb855c345d678f5077d6926034db0722df74c8f057020e05a25/charset_normalizer-3.4.9-py3-none-any.whl", hash = "sha256:68e5f26a1ad57ded6d1cfb85331d1c1a195314756471d97758c48498bb4dcdf5", size = 64538, upload-time = "2026-07-07T14:34:56.993Z" },
]

[[package]]
name = "colorama"
version = "0.4.6"
source = { registry = "https://pypi.org/simple" }
sdist = { url = "https://files.pythonhosted.org/packages/d8/53/6f443c9a4a8358a93a6792e2acffb9d9d5cb0a5cfd8802644b7b1c9a02e4/colorama-0.4.6.tar.gz", hash = "sha256:08695f5cb7ed6e0531a20572697297273c47b8cae5a63ffc6d6ed5c201be6e44", size = 27697, upload-time = "2022-10-25T02:36:22.414Z" }
wheels = [
    { url = "https://files.pythonhosted.org/packages/d1/d6/3965ed04c63042e047cb6a3e6ed1a63a35087b6a609aa3a15ed8ac56c221/colorama-0.4.6-py2.py3-none-any.whl", hash = "sha256:4f1d9991f5acc0ca119f9d443620b77f9d6b33703e51011c16baf57afb285fc6", size = 25335, upload-time = "2022-10-25T02:36:20.889Z" },
]

[[package]]
name = "config-client"
version = "0.0.0"
source = { editable = "../../optscale_client/config_client" }
dependencies = [
    { name = "python-etcd" },
    { name = "retrying" },
    { name = "urllib3" },
]

[package.metadata]
requires-dist = [
    { name = "python-etcd", specifier = "==0.4.5" },
    { name = "retrying" },
    { name = "urllib3", specifier = "==2.7.0" },
]

[[package]]
name = "dill"
version = "0.4.1"
source = { registry = "https://pypi.org/simple" }
sdist = { url = "https://files.pythonhosted.org/packages/81/e1/56027a71e31b02ddc53c7d65b01e68edf64dea2932122fe7746a516f75d5/dill-0.4.1.tar.gz", hash = "sha256:423092df4182177d4d8ba8290c8a5b640c66ab35ec7da59ccfa00f6fa3eea5fa", size = 187315, upload-time = "2026-01-19T02:36:56.85Z" }
wheels = [
    { url = "https://files.pythonhosted.org/packages/1e/77/dc8c558f7593132cf8fefec57c4f60c83b16941c574ac5f619abb3ae7933/dill-0.4.1-py3-none-any.whl", hash = "sha256:1e1ce33e978ae97fcfcff5638477032b801c46c7c65cf717f95fbc2248f79a9d", size = 120019, upload-time = "2026-01-19T02:36:55.663Z" },
]

[[package]]
name = "dnspython"
version = "2.8.0"
source = { registry = "https://pypi.org/simple" }
sdist = { url = "https://files.pythonhosted.org/packages/8c/8b/57666417c0f90f08bcafa776861060426765fdb422eb10212086fb811d26/dnspython-2.8.0.tar.gz", hash = "sha256:181d3c6996452cb1189c4046c61599b84a5a86e099562ffde77d26984ff26d0f", size = 368251, upload-time = "2025-09-07T18:58:00.022Z" }
wheels = [
    { url = "https://files.pythonhosted.org/packages/ba/5a/18ad964b0086c6e62e2e7500f7edc89e3faa45033c71c1893d34eed2b2de/dnspython-2.8.0-py3-none-any.whl", hash = "sha256:01d9bbc4a2d76bf0db7c1f729812ded6d912bd318d3b1cf81d30c0f845dbf3af", size = 331094, upload-time = "2025-09-07T18:57:58.071Z" },
]

[[package]]
name = "exceptiongroup"
version = "1.3.1"
source = { registry = "https://pypi.org/simple" }
dependencies = [
    { name = "typing-extensions" },
]
sdist = { url = "https://files.pythonhosted.org/packages/50/79/66800aadf48771f6b62f7eb014e352e5d06856655206165d775e675a02c9/exceptiongroup-1.3.1.tar.gz", hash = "sha256:8b412432c6055b0b7d14c310000ae93352ed6754f70fa8f7c34141f91c4e3219", size = 30371, upload-time = "2025-11-21T23:01:54.787Z" }
wheels = [
    { url = "https://files.pythonhosted.org/packages/8a/0e/97c33bf5009bdbac74fd2beace167cab3f978feb69cc36f1ef79360d6c4e/exceptiongroup-1.3.1-py3-none-any.whl", hash = "sha256:a7a39a3bd276781e98394987d3a5701d0c4edffb633bb7a5144577f82c773598", size = 16740, upload-time = "2025-11-21T23:01:53.443Z" },
]

[[package]]
name = "h11"
version = "0.16.0"
source = { registry = "https://pypi.org/simple" }
sdist = { url = "https://files.pythonhosted.org/packages/01/ee/02a2c011bdab74c6fb3c75474d40b3052059d95df7e73351460c8588d963/h11-0.16.0.tar.gz", hash = "sha256:4e35b956cf45792e4caa5885e69fba00bdbc6ffafbfa020300e549b208ee5ff1", size = 101250, upload-time = "2025-04-24T03:35:25.427Z" }
wheels = [
    { url = "https://files.pythonhosted.org/packages/04/4b/29cac41a4d98d144bf5f6d33995617b185d14b22401f75ca86f384e87ff1/h11-0.16.0-py3-none-any.whl", hash = "sha256:63cf8bbe7522de3bf65932fda1d9c2772064ffb3dae62d55932da54b31cb6c86", size = 37515, upload-time = "2025-04-24T03:35:24.344Z" },
]

[[package]]
name = "httpcore"
version = "1.0.9"
source = { registry = "https://pypi.org/simple" }
dependencies = [
    { name = "certifi" },
    { name = "h11" },
]
sdist = { url = "https://files.pythonhosted.org/packages/06/94/82699a10bca87a5556c9c59b5963f2d039dbd239f25bc2a63907a05a14cb/httpcore-1.0.9.tar.gz", hash = "sha256:6e34463af53fd2ab5d807f399a9b45ea31c3dfa2276f15a2c3f00afff6e176e8", size = 85484, upload-time = "2025-04-24T22:06:22.219Z" }
wheels = [
    { url = "https://files.pythonhosted.org/packages/7e/f5/f66802a942d491edb555dd61e3a9961140fd64c90bce1eafd741609d334d/httpcore-1.0.9-py3-none-any.whl", hash = "sha256:2d400746a40668fc9dec9810239072b40b4484b640a8c38fd654a024c7a1bf55", size = 78784, upload-time = "2025-04-24T22:06:20.566Z" },
]

[[package]]
name = "httpx"
version = "0.28.1"
source = { registry = "https://pypi.org/simple" }
dependencies = [
    { name = "anyio" },
    { name = "certifi" },
    { name = "httpcore" },
    { name = "idna" },
]
sdist = { url = "https://files.pythonhosted.org/packages/b1/df/48c586a5fe32a0f01324ee087459e112ebb7224f646c0b5023f5e79e9956/httpx-0.28.1.tar.gz", hash = "sha256:75e98c5f16b0f35b567856f597f06ff2270a374470a5c2392242528e3e3e42fc", size = 141406, upload-time = "2024-12-06T15:37:23.222Z" }
wheels = [
    { url = "https://files.pythonhosted.org/packages/2a/39/e50c7c3a983047577ee07d2a9e53faf5a69493943ec3f6a384bdc792deb2/httpx-0.28.1-py3-none-any.whl", hash = "sha256:d909fcccc110f8c7faf814ca82a9a4d816bc5a6dbfea25d6591d6985b8ba59ad", size = 73517, upload-time = "2024-12-06T15:37:21.509Z" },
]

[[package]]
name = "idna"
version = "3.18"
source = { registry = "https://pypi.org/simple" }
sdist = { url = "https://files.pythonhosted.org/packages/cd/63/9496c57188a2ee585e0f1db071d75089a11e98aa86eb99d9d7618fc1edce/idna-3.18.tar.gz", hash = "sha256:ffb385a7e039654cef1ab9ef32c6fafe283c0c0467bba1d9029738ce4a14a848", size = 196711, upload-time = "2026-06-02T14:34:07.794Z" }
wheels = [
    { url = "https://files.pythonhosted.org/packages/1e/5e/d4e9f1a599fb8e573b7b87160658329fbf28d19eac2718f51fc3def3aa5a/idna-3.18-py3-none-any.whl", hash = "sha256:7f952cbe720b688055e3f87de14f5c3e5fdaa8bc3928985c4077ca689de849a2", size = 65455, upload-time = "2026-06-02T14:34:06.319Z" },
]

[[package]]
name = "isort"
version = "5.13.2"
source = { registry = "https://pypi.org/simple" }
sdist = { url = "https://files.pythonhosted.org/packages/87/f9/c1eb8635a24e87ade2efce21e3ce8cd6b8630bb685ddc9cdaca1349b2eb5/isort-5.13.2.tar.gz", hash = "sha256:48fdfcb9face5d58a4f6dde2e72a1fb8dcaf8ab26f95ab49fab84c2ddefb0109", size = 175303, upload-time = "2023-12-13T20:37:26.124Z" }
wheels = [
    { url = "https://files.pythonhosted.org/packages/d1/b3/8def84f539e7d2289a02f0524b944b15d7c75dab7628bedf1c4f0992029c/isort-5.13.2-py3-none-any.whl", hash = "sha256:8ca5e72a8d85860d5a3fa69b8745237f2939afe12dbf656afbcb47fe72d947a6", size = 92310, upload-time = "2023-12-13T20:37:23.244Z" },
]

[[package]]
name = "mccabe"
version = "0.7.0"
source = { registry = "https://pypi.org/simple" }
sdist = { url = "https://files.pythonhosted.org/packages/e7/ff/0ffefdcac38932a54d2b5eed4e0ba8a408f215002cd178ad1df0f2806ff8/mccabe-0.7.0.tar.gz", hash = "sha256:348e0240c33b60bbdf4e523192ef919f28cb2c3d7d5c7794f74009290f236325", size = 9658, upload-time = "2022-01-24T01:14:51.113Z" }
wheels = [
    { url = "https://files.pythonhosted.org/packages/27/1a/1f68f9ba0c207934b35b86a8ca3aad8395a3d6dd7921c0686e23853ff5a9/mccabe-0.7.0-py2.py3-none-any.whl", hash = "sha256:6c2d30ab6be0e4a46919781807b4f0d834ebdd6c6e3dca0bda5a15f863427b6e", size = 7350, upload-time = "2022-01-24T01:14:49.62Z" },
]

[[package]]
name = "multidict"
version = "6.7.1"
source = { registry = "https://pypi.org/simple" }
sdist = { url = "https://files.pythonhosted.org/packages/1a/c2/c2d94cbe6ac1753f3fc980da97b3d930efe1da3af3c9f5125354436c073d/multidict-6.7.1.tar.gz", hash = "sha256:ec6652a1bee61c53a3e5776b6049172c53b6aaba34f18c9ad04f82712bac623d", size = 102010, upload-time = "2026-01-26T02:46:45.979Z" }
wheels = [
    { url = "https://files.pythonhosted.org/packages/8d/9c/f20e0e2cf80e4b2e4b1c365bf5fe104ee633c751a724246262db8f1a0b13/multidict-6.7.1-cp312-cp312-macosx_10_13_universal2.whl", hash = "sha256:a90f75c956e32891a4eda3639ce6dd86e87105271f43d43442a3aedf3cddf172", size = 76893, upload-time = "2026-01-26T02:43:52.754Z" },
    { url = "https://files.pythonhosted.org/packages/fe/cf/18ef143a81610136d3da8193da9d80bfe1cb548a1e2d1c775f26b23d024a/multidict-6.7.1-cp312-cp312-macosx_10_13_x86_64.whl", hash = "sha256:3fccb473e87eaa1382689053e4a4618e7ba7b9b9b8d6adf2027ee474597128cd", size = 45456, upload-time = "2026-01-26T02:43:53.893Z" },
    { url = "https://files.pythonhosted.org/packages/a9/65/1caac9d4cd32e8433908683446eebc953e82d22b03d10d41a5f0fefe991b/multidict-6.7.1-cp312-cp312-macosx_11_0_arm64.whl", hash = "sha256:b0fa96985700739c4c7853a43c0b3e169360d6855780021bfc6d0f1ce7c123e7", size = 43872, upload-time = "2026-01-26T02:43:55.041Z" },
    { url = "https://files.pythonhosted.org/packages/cf/3b/d6bd75dc4f3ff7c73766e04e705b00ed6dbbaccf670d9e05a12b006f5a21/multidict-6.7.1-cp312-cp312-manylinux1_i686.manylinux_2_28_i686.manylinux_2_5_i686.whl", hash = "sha256:cb2a55f408c3043e42b40cc8eecd575afa27b7e0b956dfb190de0f8499a57a53", size = 251018, upload-time = "2026-01-26T02:43:56.198Z" },
    { url = "https://files.pythonhosted.org/packages/fd/80/c959c5933adedb9ac15152e4067c702a808ea183a8b64cf8f31af8ad3155/multidict-6.7.1-cp312-cp312-manylinux2014_aarch64.manylinux_2_17_aarch64.manylinux_2_28_aarch64.whl", hash = "sha256:eb0ce7b2a32d09892b3dd6cc44877a0d02a33241fafca5f25c8b6b62374f8b75", size = 258883, upload-time = "2026-01-26T02:43:57.499Z" },
    { url = "https://files.pythonhosted.org/packages/86/85/7ed40adafea3d4f1c8b916e3b5cc3a8e07dfcdcb9cd72800f4ed3ca1b387/multidict-6.7.1-cp312-cp312-manylinux2014_armv7l.manylinux_2_17_armv7l.manylinux_2_31_armv7l.whl", hash = "sha256:c3a32d23520ee37bf327d1e1a656fec76a2edd5c038bf43eddfa0572ec49c60b", size = 242413, upload-time = "2026-01-26T02:43:58.755Z" },
    { url = "https://files.pythonhosted.org/packages/d2/57/b8565ff533e48595503c785f8361ff9a4fde4d67de25c207cd0ba3befd03/multidict-6.7.1-cp312-cp312-manylinux2014_ppc64le.manylinux_2_17_ppc64le.manylinux_2_28_ppc64le.whl", hash = "sha256:9c90fed18bffc0189ba814749fdcc102b536e83a9f738a9003e569acd540a733", size = 268404, upload-time = "2026-01-26T02:44:00.216Z" },
    { url = "https://files.pythonhosted.org/packages/e0/50/9810c5c29350f7258180dfdcb2e52783a0632862eb334c4896ac717cebcb/multidict-6.7.1-cp312-cp312-manylinux2014_s390x.manylinux_2_17_s390x.manylinux_2_28_s390x.whl", hash = "sha256:da62917e6076f512daccfbbde27f46fed1c98fee202f0559adec8ee0de67f71a", size = 269456, upload-time = "2026-01-26T02:44:02.202Z" },
    { url = "https://files.pythonhosted.org/packages/f3/8d/5e5be3ced1d12966fefb5c4ea3b2a5b480afcea36406559442c6e31d4a48/multidict-6.7.1-cp312-cp312-manylinux2014_x86_64.manylinux_2_17_x86_64.manylinux_2_28_x86_64.whl", hash = "sha256:bfde23ef6ed9db7eaee6c37dcec08524cb43903c60b285b172b6c094711b3961", size = 256322, upload-time = "2026-01-26T02:44:03.56Z" },
    { url = "https://files.pythonhosted.org/packages/31/6e/d8a26d81ac166a5592782d208dd90dfdc0a7a218adaa52b45a672b46c122/multidict-6.7.1-cp312-cp312-musllinux_1_2_aarch64.whl", hash = "sha256:3758692429e4e32f1ba0df23219cd0b4fc0a52f476726fff9337d1a57676a582", size = 253955, upload-time = "2026-01-26T02:44:04.845Z" },
    { url = "https://files.pythonhosted.org/packages/59/4c/7c672c8aad41534ba619bcd4ade7a0dc87ed6b8b5c06149b85d3dd03f0cd/multidict-6.7.1-cp312-cp312-musllinux_1_2_armv7l.whl", hash = "sha256:398c1478926eca669f2fd6a5856b6de9c0acf23a2cb59a14c0ba5844fa38077e", size = 251254, upload-time = "2026-01-26T02:44:06.133Z" },
    { url = "https://files.pythonhosted.org/packages/7b/bd/84c24de512cbafbdbc39439f74e967f19570ce7924e3007174a29c348916/multidict-6.7.1-cp312-cp312-musllinux_1_2_i686.whl", hash = "sha256:c102791b1c4f3ab36ce4101154549105a53dc828f016356b3e3bcae2e3a039d3", size = 252059, upload-time = "2026-01-26T02:44:07.518Z" },
    { url = "https://files.pythonhosted.org/packages/fa/ba/f5449385510825b73d01c2d4087bf6d2fccc20a2d42ac34df93191d3dd03/multidict-6.7.1-cp312-cp312-musllinux_1_2_ppc64le.whl", hash = "sha256:a088b62bd733e2ad12c50dad01b7d0166c30287c166e137433d3b410add807a6", size = 263588, upload-time = "2026-01-26T02:44:09.382Z" },
    { url = "https://files.pythonhosted.org/packages/d7/11/afc7c677f68f75c84a69fe37184f0f82fce13ce4b92f49f3db280b7e92b3/multidict-6.7.1-cp312-cp312-musllinux_1_2_s390x.whl", hash = "sha256:3d51ff4785d58d3f6c91bdbffcb5e1f7ddfda557727043aa20d20ec4f65e324a", size = 259642, upload-time = "2026-01-26T02:44:10.73Z" },
    { url = "https://files.pythonhosted.org/packages/2b/17/ebb9644da78c4ab36403739e0e6e0e30ebb135b9caf3440825001a0bddcb/multidict-6.7.1-cp312-cp312-musllinux_1_2_x86_64.whl", hash = "sha256:fc5907494fccf3e7d3f94f95c91d6336b092b5fc83811720fae5e2765890dfba", size = 251377, upload-time = "2026-01-26T02:44:12.042Z" },
    { url = "https://files.pythonhosted.org/packages/ca/a4/840f5b97339e27846c46307f2530a2805d9d537d8b8bd416af031cad7fa0/multidict-6.7.1-cp312-cp312-win32.whl", hash = "sha256:28ca5ce2fd9716631133d0e9a9b9a745ad7f60bac2bccafb56aa380fc0b6c511", size = 41887, upload-time = "2026-01-26T02:44:14.245Z" },
    { url = "https://files.pythonhosted.org/packages/80/31/0b2517913687895f5904325c2069d6a3b78f66cc641a86a2baf75a05dcbb/multidict-6.7.1-cp312-cp312-win_amd64.whl", hash = "sha256:fcee94dfbd638784645b066074b338bc9cc155d4b4bffa4adce1615c5a426c19", size = 46053, upload-time = "2026-01-26T02:44:15.371Z" },
    { url = "https://files.pythonhosted.org/packages/0c/5b/aba28e4ee4006ae4c7df8d327d31025d760ffa992ea23812a601d226e682/multidict-6.7.1-cp312-cp312-win_arm64.whl", hash = "sha256:ba0a9fb644d0c1a2194cf7ffb043bd852cea63a57f66fbd33959f7dae18517bf", size = 43307, upload-time = "2026-01-26T02:44:16.852Z" },
    { url = "https://files.pythonhosted.org/packages/81/08/7036c080d7117f28a4af526d794aab6a84463126db031b007717c1a6676e/multidict-6.7.1-py3-none-any.whl", hash = "sha256:55d97cc6dae627efa6a6e548885712d4864b81110ac76fa4e534c03819fa4a56", size = 12319, upload-time = "2026-01-26T02:46:44.004Z" },
]

[[package]]
name = "pamqp"
version = "3.3.0"
source = { registry = "https://pypi.org/simple" }
sdist = { url = "https://files.pythonhosted.org/packages/fb/62/35bbd3d3021e008606cd0a9532db7850c65741bbf69ac8a3a0d8cfeb7934/pamqp-3.3.0.tar.gz", hash = "sha256:40b8795bd4efcf2b0f8821c1de83d12ca16d5760f4507836267fd7a02b06763b", size = 30993, upload-time = "2024-01-12T20:37:25.085Z" }
wheels = [
    { url = "https://files.pythonhosted.org/packages/ac/8d/c1e93296e109a320e508e38118cf7d1fc2a4d1c2ec64de78565b3c445eb5/pamqp-3.3.0-py2.py3-none-any.whl", hash = "sha256:c901a684794157ae39b52cbf700db8c9aae7a470f13528b9d7b4e5f7202f8eb0", size = 33848, upload-time = "2024-01-12T20:37:21.359Z" },
]

[[package]]
name = "platformdirs"
version = "4.10.0"
source = { registry = "https://pypi.org/simple" }
sdist = { url = "https://files.pythonhosted.org/packages/d7/47/e4501f49c178ae1d9f4a75073fda4204f52647993f075a9db4d14930e0c5/platformdirs-4.10.0.tar.gz", hash = "sha256:31e761a6a0ca04faf7353ea759bdba55652be214725111e5aac52dfa29d4bef7", size = 31224, upload-time = "2026-05-28T03:32:53.587Z" }
wheels = [
    { url = "https://files.pythonhosted.org/packages/81/e6/cd9575ac904136b3cbf7aa7ee819ef86eedb7274e46f230e94ea4342e729/platformdirs-4.10.0-py3-none-any.whl", hash = "sha256:fb516cdb12eb0d857d0cd85a7c57cea4d060bee4578d6cf5a14dfdf8cbf8784a", size = 22743, upload-time = "2026-05-28T03:32:52.175Z" },
]

[[package]]
name = "propcache"
version = "0.5.2"
source = { registry = "https://pypi.org/simple" }
sdist = { url = "https://files.pythonhosted.org/packages/ec/44/c87281c333769159c50594f22610f77398a47ccbfbbf23074e744e86f87c/propcache-0.5.2.tar.gz", hash = "sha256:01c4fc7480cd0598bb4b57022df55b9ca296da7fc5a8760bd8451a7e63a7d427", size = 50208, upload-time = "2026-05-08T21:02:12.199Z" }
wheels = [
    { url = "https://files.pythonhosted.org/packages/4a/cb/e27bc2b2737a0bb49962b275efa051e8f1c35a936df7d5139b6b658b7dc9/propcache-0.5.2-cp312-cp312-macosx_10_13_universal2.whl", hash = "sha256:806719138ecd720339a12410fb9614ac9b2b2d3a5fdf8235d56981c36f4039ba", size = 95887, upload-time = "2026-05-08T21:00:11.277Z" },
    { url = "https://files.pythonhosted.org/packages/e6/13/b8ae04c59392f8d11c6cd9fb4011d1dc7c86b81225c770280300e259ffe1/propcache-0.5.2-cp312-cp312-macosx_10_13_x86_64.whl", hash = "sha256:db2b80ea58eab4f86b2beec3cc8b39e8ff9276ac20e96b7cce43c8ae84cd6b5a", size = 54654, upload-time = "2026-05-08T21:00:12.604Z" },
    { url = "https://files.pythonhosted.org/packages/2c/7d/49777a3e20b55863d4794384a38acd460c04157b0a00f8602b0d508b8431/propcache-0.5.2-cp312-cp312-macosx_11_0_arm64.whl", hash = "sha256:e5cbfac9f61484f7e9f3597775500cd3ebe8274e9b050c38f9525c77c97520bf", size = 55190, upload-time = "2026-05-08T21:00:13.935Z" },
    { url = "https://files.pythonhosted.org/packages/44/c7/085d0cd63062e84044e3f05797749c3f8e3938ff3aeb0eb2f69d43fafc91/propcache-0.5.2-cp312-cp312-manylinux2014_aarch64.manylinux_2_17_aarch64.manylinux_2_28_aarch64.whl", hash = "sha256:5dbc581d2814337da56222fab8dc5f161cd798a434e49bac27930aaef798e144", size = 59995, upload-time = "2026-05-08T21:00:15.526Z" },
    { url = "https://files.pythonhosted.org/packages/9c/42/32cf8e3009e92b2645cf1e944f701e8ea4e924dffde1ee26db860bcbf7e4/propcache-0.5.2-cp312-cp312-manylinux2014_ppc64le.manylinux_2_17_ppc64le.manylinux_2_28_ppc64le.whl", hash = "sha256:857187f381f88c8e2fa2fe56ab94879d011b883d5a2ee5a1b60a8cd2a06846d9", size = 63422, upload-time = "2026-05-08T21:00:16.824Z" },
    { url = "https://files.pythonhosted.org/packages/9e/1b/f112433f99fc979431b87a39ef169e3f8df070d99a72792c56d6937ac48b/propcache-0.5.2-cp312-cp312-manylinux2014_s390x.manylinux_2_17_s390x.manylinux_2_28_s390x.whl", hash = "sha256:178b4a2cdaac1818e2bf1c5a99b94383fa73ea5382e032a48dec07dc5668dc42", size = 64342, upload-time = "2026-05-08T21:00:18.362Z" },
    { url = "https://files.pythonhosted.org/packages/14/15/5574111ae50dd6e879456888c0eadd4c5a869959775854e18e18a6b345f3/propcache-0.5.2-cp312-cp312-manylinux2014_x86_64.manylinux_2_17_x86_64.manylinux_2_28_x86_64.whl", hash = "sha256:6f328175a2cde1f0ff2c4ed8ce968b9dcfb55f3a7153f39e2957ed994da13476", size = 61639, upload-time = "2026-05-08T21:00:19.692Z" },
    { url = "https://files.pythonhosted.org/packages/cc/da/4d775080b1490c0ae604acda868bd71aabe3a89ed16f2aa4339eb8a283e7/propcache-0.5.2-cp312-cp312-manylinux_2_31_riscv64.manylinux_2_39_riscv64.whl", hash = "sha256:5671d09a36b06d0fd4a3da0fccbcae360e9b1570924171a15e9e0997f0249fba", size = 61588, upload-time = "2026-05-08T21:00:21.155Z" },
    { url = "https://files.pythonhosted.org/packages/04/ac/f076982cbe2195ee9cf32de5a1e46951d9fb399fc207f390562dd0fd8fb2/propcache-0.5.2-cp312-cp312-musllinux_1_2_aarch64.whl", hash = "sha256:80168e2ebe4d3ec6599d10ad8f520304ae1cad9b6c5a95372aef1b66b7bfb53a", size = 60029, upload-time = "2026-05-08T21:00:22.713Z" },
    { url = "https://files.pythonhosted.org/packages/70/60/189be62e0dd898dce3b331e1b8c7a543cd3a405ac0c81fe8ee8a9d5d77e1/propcache-0.5.2-cp312-cp312-musllinux_1_2_armv7l.whl", hash = "sha256:45f11346f884bc47444f6e6647131055844134c3175b629f84952e2b5cd62b64", size = 56774, upload-time = "2026-05-08T21:00:24.001Z" },
    { url = "https://files.pythonhosted.org/packages/ea/9e/93377b9c7939c1ffae98f878dee955efadfd638078bc86dbc21f9d52f651/propcache-0.5.2-cp312-cp312-musllinux_1_2_ppc64le.whl", hash = "sha256:8e778ebd44ef4f66ed60a0416b06b489687db264a9c0b3620362f26489492913", size = 63532, upload-time = "2026-05-08T21:00:25.545Z" },
    { url = "https://files.pythonhosted.org/packages/14/f9/590ef6cfb9b8028d516d287812ece32bb0bc5f11fbb9c8bf6b2e6313fec8/propcache-0.5.2-cp312-cp312-musllinux_1_2_riscv64.whl", hash = "sha256:c0cb9ed24c8964e172768d455a38254c2dd8a552905729ce006cad3d3dda59b1", size = 61592, upload-time = "2026-05-08T21:00:27.186Z" },
    { url = "https://files.pythonhosted.org/packages/b4/5e/70958b3034c297a630bba2f17ca7abc2d5f39a803ad7e370ab79d1ecd022/propcache-0.5.2-cp312-cp312-musllinux_1_2_s390x.whl", hash = "sha256:1d1ad32d9d4355e2be65574fd0bfd3677e7066b009cd5b9b2dee8aa6a6393b33", size = 64788, upload-time = "2026-05-08T21:00:28.8Z" },
    { url = "https://files.pythonhosted.org/packages/12/fd/77fe5936d8c3086ca9048f7f415f122ed82e53884a9ec193646b42deef06/propcache-0.5.2-cp312-cp312-musllinux_1_2_x86_64.whl", hash = "sha256:c80f4ba3e8f00189165999a742ee526ebeccedf6c3f7beb0c7df821e9772435a", size = 62514, upload-time = "2026-05-08T21:00:30.098Z" },
    { url = "https://files.pythonhosted.org/packages/cf/74/66bd798b5b3be70aa1b391f5cc9d6a0a5532d7fd3b19ec0b213e72e6ad9d/propcache-0.5.2-cp312-cp312-win32.whl", hash = "sha256:8c7972d8f193740d9175f0998ab38717e6cd322d5935c5b0fef8c0d323fd9031", size = 39018, upload-time = "2026-05-08T21:00:31.622Z" },
    { url = "https://files.pythonhosted.org/packages/61/7c/5c0d34aa3024694d6dcb9271cdbdd08c4e47c1c0ad95ec7e7bc74cdea145/propcache-0.5.2-cp312-cp312-win_amd64.whl", hash = "sha256:d9ee8826a7d47863a08ac44e1a5f611a462eefc3a194b492da242128bec75b42", size = 42322, upload-time = "2026-05-08T21:00:32.918Z" },
    { url = "https://files.pythonhosted.org/packages/4d/91/875812f1a3feb20ceba818ef39fbe4d92f1081e04ac815c822496d0d038b/propcache-0.5.2-cp312-cp312-win_arm64.whl", hash = "sha256:2800a4a8ead6b28cccd1ec54b59346f0def7922ee1c7598e8499c733cfbb7c84", size = 38172, upload-time = "2026-05-08T21:00:35.124Z" },
    { url = "https://files.pythonhosted.org/packages/3a/ed/1cdcab6ba3d6ab7feca11fc14f0eeea80755bb53ef4e892079f31b10a25f/propcache-0.5.2-py3-none-any.whl", hash = "sha256:be1ddfcbb376e3de5d2e2db1d58d6d67463e6b4f9f040c000de8e300295465fe", size = 14036, upload-time = "2026-05-08T21:02:10.673Z" },
]

[[package]]
name = "pycodestyle"
version = "2.11.1"
source = { registry = "https://pypi.org/simple" }
sdist = { url = "https://files.pythonhosted.org/packages/34/8f/fa09ae2acc737b9507b5734a9aec9a2b35fa73409982f57db1b42f8c3c65/pycodestyle-2.11.1.tar.gz", hash = "sha256:41ba0e7afc9752dfb53ced5489e89f8186be00e599e712660695b7a75ff2663f", size = 38974, upload-time = "2023-10-12T23:39:39.762Z" }
wheels = [
    { url = "https://files.pythonhosted.org/packages/b1/90/a998c550d0ddd07e38605bb5c455d00fcc177a800ff9cc3dafdcb3dd7b56/pycodestyle-2.11.1-py2.py3-none-any.whl", hash = "sha256:44fe31000b2d866f2e41841b18528a505fbd7fef9017b04eff4e2648a0fadc67", size = 31132, upload-time = "2023-10-12T23:39:38.242Z" },
]

[[package]]
name = "pylint"
version = "3.0.2"
source = { registry = "https://pypi.org/simple" }
dependencies = [
    { name = "astroid" },
    { name = "colorama", marker = "sys_platform == 'win32'" },
    { name = "dill" },
    { name = "isort" },
    { name = "mccabe" },
    { name = "platformdirs" },
    { name = "tomlkit" },
]
sdist = { url = "https://files.pythonhosted.org/packages/10/ab/f0ad2a4fb3265d71685627db452398f769b48d64d81c7d66ca8c4f4c198b/pylint-3.0.2.tar.gz", hash = "sha256:0d4c286ef6d2f66c8bfb527a7f8a629009e42c99707dec821a03e1b51a4c1496", size = 441751, upload-time = "2023-10-22T13:55:20.274Z" }
wheels = [
    { url = "https://files.pythonhosted.org/packages/30/2e/228a17bc770bbb5b327e7a5ed50deb698e2d94f13dadca34cd36933ec4e6/pylint-3.0.2-py3-none-any.whl", hash = "sha256:60ed5f3a9ff8b61839ff0348b3624ceeb9e6c2a92c514d81c9cc273da3b6bcda", size = 510598, upload-time = "2023-10-22T13:55:18.204Z" },
]

[[package]]
name = "python-etcd"
version = "0.4.5"
source = { registry = "https://pypi.org/simple" }
dependencies = [
    { name = "dnspython" },
    { name = "urllib3" },
]
sdist = { url = "https://files.pythonhosted.org/packages/a1/da/616a4d073642da5dd432e5289b7c1cb0963cc5dde23d1ecb8d726821ab41/python-etcd-0.4.5.tar.gz", hash = "sha256:f1b5ebb825a3e8190494f5ce1509fde9069f2754838ed90402a8c11e1f52b8cb", size = 37270, upload-time = "2017-03-02T23:05:36.016Z" }

[[package]]
name = "requests"
version = "2.32.4"
source = { registry = "https://pypi.org/simple" }
dependencies = [
    { name = "certifi" },
    { name = "charset-normalizer" },
    { name = "idna" },
    { name = "urllib3" },
]
sdist = { url = "https://files.pythonhosted.org/packages/e1/0a/929373653770d8a0d7ea76c37de6e41f11eb07559b103b1c02cafb3f7cf8/requests-2.32.4.tar.gz", hash = "sha256:27d0316682c8a29834d3264820024b62a36942083d52caf2f14c0591336d3422", size = 135258, upload-time = "2025-06-09T16:43:07.34Z" }
wheels = [
    { url = "https://files.pythonhosted.org/packages/7c/e4/56027c4a6b4ae70ca9de302488c5ca95ad4a39e190093d6c1a8ace08341b/requests-2.32.4-py3-none-any.whl", hash = "sha256:27babd3cda2a6d50b30443204ee89830707d396671944c998b5975b031ac2b2c", size = 64847, upload-time = "2025-06-09T16:43:05.728Z" },
]

[[package]]
name = "restapi-client"
version = "0.0.0"
source = { editable = "../../optscale_client/rest_api_client" }
dependencies = [
    { name = "requests" },
    { name = "retrying" },
]

[package.metadata]
requires-dist = [
    { name = "requests", specifier = "==2.32.4" },
    { name = "retrying", specifier = ">=1.4.1" },
]

[[package]]
name = "retrying"
version = "1.4.2"
source = { registry = "https://pypi.org/simple" }
sdist = { url = "https://files.pythonhosted.org/packages/c8/5a/b17e1e257d3e6f2e7758930e1256832c9ddd576f8631781e6a072914befa/retrying-1.4.2.tar.gz", hash = "sha256:d102e75d53d8d30b88562d45361d6c6c934da06fab31bd81c0420acb97a8ba39", size = 11411, upload-time = "2025-08-03T03:35:25.189Z" }
wheels = [
    { url = "https://files.pythonhosted.org/packages/67/f3/6cd296376653270ac1b423bb30bd70942d9916b6978c6f40472d6ac038e7/retrying-1.4.2-py3-none-any.whl", hash = "sha256:bbc004aeb542a74f3569aeddf42a2516efefcdaff90df0eb38fbfbf19f179f59", size = 10859, upload-time = "2025-08-03T03:35:23.829Z" },
]

[[package]]
name = "subspector-async-client"
version = "0.0.0"
source = { editable = "../../optscale_client/subspector_async_client" }
dependencies = [
    { name = "httpx" },
    { name = "tenacity" },
]

[package.metadata]
requires-dist = [
    { name = "httpx", specifier = "==0.28.1" },
    { name = "tenacity", specifier = "==9.1.2" },
]

[[package]]
name = "tenacity"
version = "9.1.2"
source = { registry = "https://pypi.org/simple" }
sdist = { url = "https://files.pythonhosted.org/packages/0a/d4/2b0cd0fe285e14b36db076e78c93766ff1d529d70408bd1d2a5a84f1d929/tenacity-9.1.2.tar.gz", hash = "sha256:1169d376c297e7de388d18b4481760d478b0e99a777cad3a9c86e556f4b697cb", size = 48036, upload-time = "2025-04-02T08:25:09.966Z" }
wheels = [
    { url = "https://files.pythonhosted.org/packages/e5/30/643397144bfbfec6f6ef821f36f33e57d35946c44a2352d3c9f0ae847619/tenacity-9.1.2-py3-none-any.whl", hash = "sha256:f77bf36710d8b73a50b2dd155c97b870017ad21afe6ab300326b0371b3b05138", size = 28248, upload-time = "2025-04-02T08:25:07.678Z" },
]

[[package]]
name = "tomlkit"
version = "0.15.0"
source = { registry = "https://pypi.org/simple" }
sdist = { url = "https://files.pythonhosted.org/packages/51/db/03eaf4331631ef6b27d6e3c9b68c54dc6f0d63d87201fed600cc409307fd/tomlkit-0.15.0.tar.gz", hash = "sha256:7d1a9ecba3086638211b13814ea79c90dd54dd11993564376f3aa92271f5c7a3", size = 161875, upload-time = "2026-05-10T07:38:22.245Z" }
wheels = [
    { url = "https://files.pythonhosted.org/packages/6a/43/8bd850ee71a191bf072e31302c73a66be413fecdd98fdcd111ecbcce13ca/tomlkit-0.15.0-py3-none-any.whl", hash = "sha256:4dbc8f0fc024412b57ced8757ac7461305126a648ff8c2c807fcb8e133a78738", size = 41328, upload-time = "2026-05-10T07:38:23.517Z" },
]

[[package]]
name = "typing-extensions"
version = "4.16.0"
source = { registry = "https://pypi.org/simple" }
sdist = { url = "https://files.pythonhosted.org/packages/f6/cc/6253133b5bb138fc3306cebfbda2c520f545d36b5be2c7255cc528bb45d6/typing_extensions-4.16.0.tar.gz", hash = "sha256:dc983d19a509c94dba722ee6abd33940f7c05a89e243c47e907eb4db6f1a43e5", size = 113555, upload-time = "2026-07-02T08:40:05.92Z" }
wheels = [
    { url = "https://files.pythonhosted.org/packages/49/d3/b8441a820a491ddfc024b0b0cf0393375b75ea13866d9c66727e54c2fc80/typing_extensions-4.16.0-py3-none-any.whl", hash = "sha256:481caa481374e813c1b176ada14e97f1f67a4539ce9cfeb3f350d78d6370c2e8", size = 45571, upload-time = "2026-07-02T08:40:04.659Z" },
]

[[package]]
name = "urllib3"
version = "2.7.0"
source = { registry = "https://pypi.org/simple" }
sdist = { url = "https://files.pythonhosted.org/packages/53/0c/06f8b233b8fd13b9e5ee11424ef85419ba0d8ba0b3138bf360be2ff56953/urllib3-2.7.0.tar.gz", hash = "sha256:231e0ec3b63ceb14667c67be60f2f2c40a518cb38b03af60abc813da26505f4c", size = 433602, upload-time = "2026-05-07T16:13:18.596Z" }
wheels = [
    { url = "https://files.pythonhosted.org/packages/7f/3e/5db95bcf282c52709639744ca2a8b149baccf648e39c8cc87553df9eae0c/urllib3-2.7.0-py3-none-any.whl", hash = "sha256:9fb4c81ebbb1ce9531cce37674bbc6f1360472bc18ca9a553ede278ef7276897", size = 131087, upload-time = "2026-05-07T16:13:17.151Z" },
]

[[package]]
name = "yarl"
version = "1.24.2"
source = { registry = "https://pypi.org/simple" }
dependencies = [
    { name = "idna" },
    { name = "multidict" },
    { name = "propcache" },
]
sdist = { url = "https://files.pythonhosted.org/packages/79/12/1e8f37460ea0f7eb59c221fdaf0ed75e7ac43e97f8093b9c6f411df50a78/yarl-1.24.2.tar.gz", hash = "sha256:9ac374123c6fd7abf64d1fec93962b0bd4ee2c19751755a762a72dd96c0378f8", size = 210798, upload-time = "2026-05-19T21:31:05.599Z" }
wheels = [
    { url = "https://files.pythonhosted.org/packages/f0/da/866bcb01076ba49d2b42b309867bed3826421f1c479655eb7a607b44f20b/yarl-1.24.2-cp312-cp312-macosx_10_13_universal2.whl", hash = "sha256:b975866c184564c827e0877380f0dae57dcca7e52782128381b72feff6dfceb8", size = 129957, upload-time = "2026-05-19T21:28:51.695Z" },
    { url = "https://files.pythonhosted.org/packages/bf/1d/fcefb70922ea2268a8971d8e5874d9a8218644200fb8465f1dcad55e6851/yarl-1.24.2-cp312-cp312-macosx_10_13_x86_64.whl", hash = "sha256:3b075301a2836a0e297b1b658cb6d6135df535d62efefdd60366bd589c2c82f2", size = 92164, upload-time = "2026-05-19T21:28:53.242Z" },
    { url = "https://files.pythonhosted.org/packages/29/b6/170e2b8d4e3bc30e6bfdcca53556537f5bf595e938632dfcb059311f3ff6/yarl-1.24.2-cp312-cp312-macosx_11_0_arm64.whl", hash = "sha256:8ae44649b00947634ab0dab2a374a638f52923a6e67083f2c156cd5cbd1a881d", size = 91688, upload-time = "2026-05-19T21:28:54.865Z" },
    { url = "https://files.pythonhosted.org/packages/fe/a5/c9f655d5553ea0b99fdac9d6a99ad3f9b3e73b8e5758bb46f58c9831f74c/yarl-1.24.2-cp312-cp312-manylinux2014_aarch64.manylinux_2_17_aarch64.manylinux_2_28_aarch64.whl", hash = "sha256:507cc19f0b45454e2d6dcd62ff7d062b9f77a2812404e62dbdaec05b50faa035", size = 102902, upload-time = "2026-05-19T21:28:56.963Z" },
    { url = "https://files.pythonhosted.org/packages/5d/bc/6b9664d815d79af4ee553337f9d606c56bbf269186ada9172de45f1b5f60/yarl-1.24.2-cp312-cp312-manylinux2014_armv7l.manylinux_2_17_armv7l.manylinux_2_31_armv7l.whl", hash = "sha256:c4c17bad5a530912d2111825d3f05e89bab2dd376aaa8cbc77e449e6db63e576", size = 97931, upload-time = "2026-05-19T21:28:58.56Z" },
    { url = "https://files.pythonhosted.org/packages/98/ec/32ba48acae30fecd60928f5791188b80a9d6ee3840507ffda29fecd37b71/yarl-1.24.2-cp312-cp312-manylinux2014_ppc64le.manylinux_2_17_ppc64le.manylinux_2_28_ppc64le.whl", hash = "sha256:f5f0cbb112838a4a293985b6ed73948a547dadcc1ba6d2089938e7abdedceef8", size = 111030, upload-time = "2026-05-19T21:29:00.148Z" },
    { url = "https://files.pythonhosted.org/packages/82/5a/6f4cd081e5f4934d2ae3a8ef4abe3afacc010d26f0035ee91b35cd7d7c37/yarl-1.24.2-cp312-cp312-manylinux2014_s390x.manylinux_2_17_s390x.manylinux_2_28_s390x.whl", hash = "sha256:5ec8356b8a6afcf81fc7aeeef13b1ff7a49dec00f313394bbb9e83830d32ccd7", size = 110392, upload-time = "2026-05-19T21:29:02.155Z" },
    { url = "https://files.pythonhosted.org/packages/7a/da/323a01c349bd5fb01bb6652e314d9bb218cee630a736bdb810ad50e4013f/yarl-1.24.2-cp312-cp312-manylinux2014_x86_64.manylinux_2_17_x86_64.manylinux_2_28_x86_64.whl", hash = "sha256:7e7ebcdef69dec6c6451e616f32b622a6d4a2e92b445c992f7c8e5274a6bbc4c", size = 105612, upload-time = "2026-05-19T21:29:04.247Z" },
    { url = "https://files.pythonhosted.org/packages/7c/80/264ab684f181e1a876389374519ff05d10248725535ae2ac4e8ac4e563d6/yarl-1.24.2-cp312-cp312-manylinux_2_31_riscv64.manylinux_2_39_riscv64.whl", hash = "sha256:47a55d6cf6db2f401017a9e96e5288844e5051911fb4e0c8311a3980f5e59a7d", size = 104487, upload-time = "2026-05-19T21:29:06.491Z" },
    { url = "https://files.pythonhosted.org/packages/41/07/efabe5df87e96d7ad5959760b888344be48cd6884db127b407c6b5503adc/yarl-1.24.2-cp312-cp312-musllinux_1_2_aarch64.whl", hash = "sha256:3065657c80a2321225e804048597ad55658a7e76b32d6f5ee4074d04c50401db", size = 102333, upload-time = "2026-05-19T21:29:08.267Z" },
    { url = "https://files.pythonhosted.org/packages/44/0c/bcf7c42603e1009295f586d8890f2ba032c8b53310e815adf0a202c73d9f/yarl-1.24.2-cp312-cp312-musllinux_1_2_armv7l.whl", hash = "sha256:cb84b80d88e19ede158619b80813968713d8d008b0e2497a576e6a0557d50712", size = 99025, upload-time = "2026-05-19T21:29:10.682Z" },
    { url = "https://files.pythonhosted.org/packages/4f/82/84482ab1a57a0f21a08afe6a7004c61d741f8f2ecc3b05c321577c612164/yarl-1.24.2-cp312-cp312-musllinux_1_2_ppc64le.whl", hash = "sha256:990de4f680b1c217e77ff0d6aa0029f9eb79889c11fb3e9a3942c7eba29c1996", size = 110507, upload-time = "2026-05-19T21:29:12.954Z" },
    { url = "https://files.pythonhosted.org/packages/c4/8d/a546ba1dfe1b0f290e05fef145cd07614c0f15df1a707195e512d1e39d1d/yarl-1.24.2-cp312-cp312-musllinux_1_2_riscv64.whl", hash = "sha256:abb8ec0323b80161e3802da3150ef660b41d0e9be2048b76a363d93eee992c2b", size = 103719, upload-time = "2026-05-19T21:29:14.893Z" },
    { url = "https://files.pythonhosted.org/packages/1a/b6/267f2a09213138473adfce6b8a6e17791d7fee70bd4d9003218e4dec58b0/yarl-1.24.2-cp312-cp312-musllinux_1_2_s390x.whl", hash = "sha256:e7977781f83638a4c73e0f88425563d70173e0dfd90ac006a45c65036293ee3c", size = 110438, upload-time = "2026-05-19T21:29:16.485Z" },
    { url = "https://files.pythonhosted.org/packages/48/2d/1c8d89c7c5f9cad9fb2902445d94e2ab1d7aa35de029afbb8ae95c42d00f/yarl-1.24.2-cp312-cp312-musllinux_1_2_x86_64.whl", hash = "sha256:e30dd55825dc554ec5b66a94953b8eda8745926514c5089dfcacecb9c99b5bd1", size = 105719, upload-time = "2026-05-19T21:29:18.367Z" },
    { url = "https://files.pythonhosted.org/packages/a7/25/722e3b93bd687009afb2d59a35e13d30ddd8f80571445bb0c4e4ce26ec66/yarl-1.24.2-cp312-cp312-win_amd64.whl", hash = "sha256:7dafe10c12ddd4d120d528c4b5599c953bd7b12845347d507b95451195bb6cad", size = 92901, upload-time = "2026-05-19T21:29:20.014Z" },
    { url = "https://files.pythonhosted.org/packages/39/47/4486ccfb674c04854a1ef8aa77868b6a6f765feaf69633409d7ca4f02cb8/yarl-1.24.2-cp312-cp312-win_arm64.whl", hash = "sha256:044a09d8401fcf8681977faef6d286b8ade1e2d2e9dceda175d1cfa5ca496f30", size = 87229, upload-time = "2026-05-19T21:29:22.1Z" },
    { url = "https://files.pythonhosted.org/packages/fd/4d/4b880086bd0d3e034d25647be1d830afc3e3f610e98c4ab3490af6b1b6d5/yarl-1.24.2-py3-none-any.whl", hash = "sha256:2783d9226db8797636cd6896e4de81feed252d1db72265686c9558d97a4d94b9", size = 53576, upload-time = "2026-05-19T21:31:03.909Z" },
]
